
Microsoft Visual Studio Solution File, Format Version 12.00
# Visual Studio 15
VisualStudioVersion = 15.0.27130.2010
MinimumVisualStudioVersion = 10.0.40219.1
Project("{9A19103F-16F7-4668-BE54-9A1E7A4F7556}") = "BirthdayCakeCandles", "BirthdayCakeCandles\BirthdayCakeCandles.csproj", "{9299C863-81B5-4A17-BD26-1FFAB6CEED4F}"
EndProject
Project("{FAE04EC0-301F-11D3-BF4B-00C04F79EFBC}") = "BSTImpl", "BSTImpl\BSTImpl.csproj", "{142A5926-25A5-466C-89B8-75C715138BA0}"
EndProject
Global
	GlobalSection(SolutionConfigurationPlatforms) = preSolution
		Debug|Any CPU = Debug|Any CPU
		Release|Any CPU = Release|Any CPU
	EndGlobalSection
	GlobalSection(ProjectConfigurationPlatforms) = postSolution
		{9299C863-81B5-4A17-BD26-1FFAB6CEED4F}.Debug|Any CPU.ActiveCfg = Debug|Any CPU
		{9299C863-81B5-4A17-BD26-1FFAB6CEED4F}.Debug|Any CPU.Build.0 = Debug|Any CPU
		{9299C863-81B5-4A17-BD26-1FFAB6CEED4F}.Release|Any CPU.ActiveCfg = Release|Any CPU
		{9299C863-81B5-4A17-BD26-1FFAB6CEED4F}.Release|Any CPU.Build.0 = Release|Any CPU
		{142A5926-25A5-466C-89B8-75C715138BA0}.Debug|Any CPU.ActiveCfg = Debug|Any CPU
		{142A5926-25A5-466C-89B8-75C715138BA0}.Debug|Any CPU.Build.0 = Debug|Any CPU
		{142A5926-25A5-466C-89B8-75C715138BA0}.Release|Any CPU.ActiveCfg = Release|Any CPU
		{142A5926-25A5-466C-89B8-75C715138BA0}.Release|Any CPU.Build.0 = Release|Any CPU
	EndGlobalSection
	GlobalSection(SolutionProperties) = preSolution
		HideSolutionNode = FALSE
	EndGlobalSection
	GlobalSection(ExtensibilityGlobals) = postSolution
		SolutionGuid = {C6F9A9F4-863D-4656-970E-C4D3DAB78AB6}
	EndGlobalSection
EndGlobal
